
Microsoft Visual Studio Solution File, Format Version 12.00
Project("{2150E333-8FDC-42A3-9474-1A3956D46DE8}") = "Creational", "Creational", "{6574DE9A-FB41-4638-947F-D6B5F7483BED}"
EndProject
Project("{FAE04EC0-301F-11D3-BF4B-00C04F79EFBC}") = "DocumentSystem", "DocumentSystem\DocumentSystem.csproj", "{52E8DE05-2412-47A9-A0D1-DF00C8297C58}"
EndProject
Project("{2150E333-8FDC-42A3-9474-1A3956D46DE8}") = "Document System", "Document System", "{D178D362-4809-4C12-AF7C-F128590136EF}"
EndProject
Project("{2150E333-8FDC-42A3-9474-1A3956D46DE8}") = "Factory Method", "Factory Method", "{C155C3F1-29C6-4DA5-B959-1991857A4979}"
EndProject
Project("{FAE04EC0-301F-11D3-BF4B-00C04F79EFBC}") = "FactoryMethod", "FactoryMethod\FactoryMethod.csproj", "{311203CA-95D1-40D0-9BC8-5BA83AB5D17A}"
EndProject
Project("{2150E333-8FDC-42A3-9474-1A3956D46DE8}") = "Abstract Factory", "Abstract Factory", "{8F0BDC81-6BA3-4664-B506-2B3C2612F00E}"
EndProject
Project("{FAE04EC0-301F-11D3-BF4B-00C04F79EFBC}") = "AbstractFactory", "AbstractFactory\AbstractFactory.csproj", "{7AE2229F-4516-49DD-832E-09F8245FC776}"
EndProject
Project("{2150E333-8FDC-42A3-9474-1A3956D46DE8}") = "Builder", "Builder", "{2E26A533-0EFB-464D-A667-FCFFD85EFDD2}"
EndProject
Project("{FAE04EC0-301F-11D3-BF4B-00C04F79EFBC}") = "Builder", "Builder\Builder.csproj", "{F66E13C0-14D2-4BBC-83A3-D79B68513904}"
EndProject
Project("{2150E333-8FDC-42A3-9474-1A3956D46DE8}") = "Singleton", "Singleton", "{209E8EBA-28C5-4102-8FA1-11E0E02CE2E6}"
EndProject
Project("{FAE04EC0-301F-11D3-BF4B-00C04F79EFBC}") = "Singleton", "Singleton\Singleton.csproj", "{4D1F55A1-D098-47F3-8523-3731415448B3}"
EndProject
Project("{2150E333-8FDC-42A3-9474-1A3956D46DE8}") = "Structural", "Structural", "{35433AB6-ECB9-4FDD-9D5B-F89CE9FBB637}"
EndProject
Project("{FAE04EC0-301F-11D3-BF4B-00C04F79EFBC}") = "Adapter", "Adapter\Adapter.csproj", "{A49CDBBF-0E88-4871-ACDE-B78F632668DF}"
EndProject
Project("{2150E333-8FDC-42A3-9474-1A3956D46DE8}") = "Adapter", "Adapter", "{BB5CAAAC-3E7B-4427-85FA-1A80615EA383}"
EndProject
Project("{2150E333-8FDC-42A3-9474-1A3956D46DE8}") = "Bridge", "Bridge", "{5FAF8644-257C-4AD9-B3CA-FB36F34B15FD}"
EndProject
Project("{FAE04EC0-301F-11D3-BF4B-00C04F79EFBC}") = "Bridge", "Bridge\Bridge.csproj", "{37152A93-E24C-4F66-BA89-78A985A164A2}"
EndProject
Project("{2150E333-8FDC-42A3-9474-1A3956D46DE8}") = "Decorator", "Decorator", "{D52BD1FC-3B70-486E-93B4-BBE518B4C45B}"
EndProject
Project("{FAE04EC0-301F-11D3-BF4B-00C04F79EFBC}") = "Decorator", "Structural\Decorator\Decorator.csproj", "{5603AA27-CB9E-448B-9E6C-DAC511FC6DEC}"
EndProject
Project("{2150E333-8FDC-42A3-9474-1A3956D46DE8}") = "Facade", "Facade", "{147CEFBC-EC6C-4858-B642-F489BB6015D5}"
EndProject
Project("{FAE04EC0-301F-11D3-BF4B-00C04F79EFBC}") = "Facade", "Structural\Facade\Facade.csproj", "{B30C58C0-E4CE-4AD7-A53D-490511980E45}"
EndProject
Project("{2150E333-8FDC-42A3-9474-1A3956D46DE8}") = "Composite", "Composite", "{B7125873-43D8-4965-8AE4-7AE4D158638F}"
EndProject
Project("{FAE04EC0-301F-11D3-BF4B-00C04F79EFBC}") = "Composite", "Structural\Composite\Composite\Composite.csproj", "{F0076884-0070-4C41-8E42-C51780E0BDFE}"
EndProject
Project("{2150E333-8FDC-42A3-9474-1A3956D46DE8}") = "Behavioral", "Behavioral", "{542F58E2-2D5C-4353-BE56-3A89AEAEEF2A}"
EndProject
Project("{FAE04EC0-301F-11D3-BF4B-00C04F79EFBC}") = "ChainOfResponsibility", "ChainOfResponsibility\ChainOfResponsibility.csproj", "{E2CB5A28-36AA-4F62-B22F-AA0A159956B5}"
EndProject
Project("{2150E333-8FDC-42A3-9474-1A3956D46DE8}") = "ChainOfResposibility", "ChainOfResposibility", "{ADD4B9BB-ACE9-4DF3-B433-61065C9868CD}"
EndProject
Project("{2150E333-8FDC-42A3-9474-1A3956D46DE8}") = "Command", "Command", "{DBFC4603-D7AD-4235-8686-CE3458D932E7}"
EndProject
Project("{FAE04EC0-301F-11D3-BF4B-00C04F79EFBC}") = "Command", "Command\Command.csproj", "{89DF3D69-4580-48E6-8EFB-36B7EC796255}"
EndProject
Project("{2150E333-8FDC-42A3-9474-1A3956D46DE8}") = "TemplateMethod", "TemplateMethod", "{4D6477D5-675B-4898-BF59-C4DC4F243C80}"
EndProject
Project("{FAE04EC0-301F-11D3-BF4B-00C04F79EFBC}") = "TemplateMethod", "TemplateMethod\TemplateMethod.csproj", "{9A4EEF53-9433-42E4-892E-443A28EEFC84}"
EndProject
Project("{2150E333-8FDC-42A3-9474-1A3956D46DE8}") = "Strategy", "Strategy", "{5F5C960A-BF79-4D25-BEFB-60B072DD8472}"
EndProject
Project("{FAE04EC0-301F-11D3-BF4B-00C04F79EFBC}") = "Strategy", "Strategy\Strategy.csproj", "{AA2C0EF2-FB31-4B30-BB3D-8481AB482FDF}"
EndProject
Project("{2150E333-8FDC-42A3-9474-1A3956D46DE8}") = "Mediator", "Mediator", "{8B112096-2216-4F57-8DB2-F74F71435191}"
EndProject
Project("{FAE04EC0-301F-11D3-BF4B-00C04F79EFBC}") = "Mediator", "Mediator\Mediator.csproj", "{B0A8D8C1-081A-4B37-9329-DA100FC7C14D}"
EndProject
Global
	GlobalSection(SolutionConfigurationPlatforms) = preSolution
		Debug|Any CPU = Debug|Any CPU
		Release|Any CPU = Release|Any CPU
	EndGlobalSection
	GlobalSection(ProjectConfigurationPlatforms) = postSolution
		{52E8DE05-2412-47A9-A0D1-DF00C8297C58}.Debug|Any CPU.ActiveCfg = Debug|Any CPU
		{52E8DE05-2412-47A9-A0D1-DF00C8297C58}.Debug|Any CPU.Build.0 = Debug|Any CPU
		{52E8DE05-2412-47A9-A0D1-DF00C8297C58}.Release|Any CPU.ActiveCfg = Release|Any CPU
		{52E8DE05-2412-47A9-A0D1-DF00C8297C58}.Release|Any CPU.Build.0 = Release|Any CPU
		{311203CA-95D1-40D0-9BC8-5BA83AB5D17A}.Debug|Any CPU.ActiveCfg = Debug|Any CPU
		{311203CA-95D1-40D0-9BC8-5BA83AB5D17A}.Debug|Any CPU.Build.0 = Debug|Any CPU
		{311203CA-95D1-40D0-9BC8-5BA83AB5D17A}.Release|Any CPU.ActiveCfg = Release|Any CPU
		{311203CA-95D1-40D0-9BC8-5BA83AB5D17A}.Release|Any CPU.Build.0 = Release|Any CPU
		{7AE2229F-4516-49DD-832E-09F8245FC776}.Debug|Any CPU.ActiveCfg = Debug|Any CPU
		{7AE2229F-4516-49DD-832E-09F8245FC776}.Debug|Any CPU.Build.0 = Debug|Any CPU
		{7AE2229F-4516-49DD-832E-09F8245FC776}.Release|Any CPU.ActiveCfg = Release|Any CPU
		{7AE2229F-4516-49DD-832E-09F8245FC776}.Release|Any CPU.Build.0 = Release|Any CPU
		{F66E13C0-14D2-4BBC-83A3-D79B68513904}.Debug|Any CPU.ActiveCfg = Debug|Any CPU
		{F66E13C0-14D2-4BBC-83A3-D79B68513904}.Debug|Any CPU.Build.0 = Debug|Any CPU
		{F66E13C0-14D2-4BBC-83A3-D79B68513904}.Release|Any CPU.ActiveCfg = Release|Any CPU
		{F66E13C0-14D2-4BBC-83A3-D79B68513904}.Release|Any CPU.Build.0 = Release|Any CPU
		{4D1F55A1-D098-47F3-8523-3731415448B3}.Debug|Any CPU.ActiveCfg = Debug|Any CPU
		{4D1F55A1-D098-47F3-8523-3731415448B3}.Debug|Any CPU.Build.0 = Debug|Any CPU
		{4D1F55A1-D098-47F3-8523-3731415448B3}.Release|Any CPU.ActiveCfg = Release|Any CPU
		{4D1F55A1-D098-47F3-8523-3731415448B3}.Release|Any CPU.Build.0 = Release|Any CPU
		{A49CDBBF-0E88-4871-ACDE-B78F632668DF}.Debug|Any CPU.ActiveCfg = Debug|Any CPU
		{A49CDBBF-0E88-4871-ACDE-B78F632668DF}.Debug|Any CPU.Build.0 = Debug|Any CPU
		{A49CDBBF-0E88-4871-ACDE-B78F632668DF}.Release|Any CPU.ActiveCfg = Release|Any CPU
		{A49CDBBF-0E88-4871-ACDE-B78F632668DF}.Release|Any CPU.Build.0 = Release|Any CPU
		{37152A93-E24C-4F66-BA89-78A985A164A2}.Debug|Any CPU.ActiveCfg = Debug|Any CPU
		{37152A93-E24C-4F66-BA89-78A985A164A2}.Debug|Any CPU.Build.0 = Debug|Any CPU
		{37152A93-E24C-4F66-BA89-78A985A164A2}.Release|Any CPU.ActiveCfg = Release|Any CPU
		{37152A93-E24C-4F66-BA89-78A985A164A2}.Release|Any CPU.Build.0 = Release|Any CPU
		{5603AA27-CB9E-448B-9E6C-DAC511FC6DEC}.Debug|Any CPU.ActiveCfg = Debug|Any CPU
		{5603AA27-CB9E-448B-9E6C-DAC511FC6DEC}.Debug|Any CPU.Build.0 = Debug|Any CPU
		{5603AA27-CB9E-448B-9E6C-DAC511FC6DEC}.Release|Any CPU.ActiveCfg = Release|Any CPU
		{5603AA27-CB9E-448B-9E6C-DAC511FC6DEC}.Release|Any CPU.Build.0 = Release|Any CPU
		{B30C58C0-E4CE-4AD7-A53D-490511980E45}.Debug|Any CPU.ActiveCfg = Debug|Any CPU
		{B30C58C0-E4CE-4AD7-A53D-490511980E45}.Debug|Any CPU.Build.0 = Debug|Any CPU
		{B30C58C0-E4CE-4AD7-A53D-490511980E45}.Release|Any CPU.ActiveCfg = Release|Any CPU
		{B30C58C0-E4CE-4AD7-A53D-490511980E45}.Release|Any CPU.Build.0 = Release|Any CPU
		{F0076884-0070-4C41-8E42-C51780E0BDFE}.Debug|Any CPU.ActiveCfg = Debug|Any CPU
		{F0076884-0070-4C41-8E42-C51780E0BDFE}.Debug|Any CPU.Build.0 = Debug|Any CPU
		{F0076884-0070-4C41-8E42-C51780E0BDFE}.Release|Any CPU.ActiveCfg = Release|Any CPU
		{F0076884-0070-4C41-8E42-C51780E0BDFE}.Release|Any CPU.Build.0 = Release|Any CPU
		{E2CB5A28-36AA-4F62-B22F-AA0A159956B5}.Debug|Any CPU.ActiveCfg = Debug|Any CPU
		{E2CB5A28-36AA-4F62-B22F-AA0A159956B5}.Debug|Any CPU.Build.0 = Debug|Any CPU
		{E2CB5A28-36AA-4F62-B22F-AA0A159956B5}.Release|Any CPU.ActiveCfg = Release|Any CPU
		{E2CB5A28-36AA-4F62-B22F-AA0A159956B5}.Release|Any CPU.Build.0 = Release|Any CPU
		{89DF3D69-4580-48E6-8EFB-36B7EC796255}.Debug|Any CPU.ActiveCfg = Debug|Any CPU
		{89DF3D69-4580-48E6-8EFB-36B7EC796255}.Debug|Any CPU.Build.0 = Debug|Any CPU
		{89DF3D69-4580-48E6-8EFB-36B7EC796255}.Release|Any CPU.ActiveCfg = Release|Any CPU
		{89DF3D69-4580-48E6-8EFB-36B7EC796255}.Release|Any CPU.Build.0 = Release|Any CPU
		{9A4EEF53-9433-42E4-892E-443A28EEFC84}.Debug|Any CPU.ActiveCfg = Debug|Any CPU
		{9A4EEF53-9433-42E4-892E-443A28EEFC84}.Debug|Any CPU.Build.0 = Debug|Any CPU
		{9A4EEF53-9433-42E4-892E-443A28EEFC84}.Release|Any CPU.ActiveCfg = Release|Any CPU
		{9A4EEF53-9433-42E4-892E-443A28EEFC84}.Release|Any CPU.Build.0 = Release|Any CPU
		{AA2C0EF2-FB31-4B30-BB3D-8481AB482FDF}.Debug|Any CPU.ActiveCfg = Debug|Any CPU
		{AA2C0EF2-FB31-4B30-BB3D-8481AB482FDF}.Debug|Any CPU.Build.0 = Debug|Any CPU
		{AA2C0EF2-FB31-4B30-BB3D-8481AB482FDF}.Release|Any CPU.ActiveCfg = Release|Any CPU
		{AA2C0EF2-FB31-4B30-BB3D-8481AB482FDF}.Release|Any CPU.Build.0 = Release|Any CPU
		{B0A8D8C1-081A-4B37-9329-DA100FC7C14D}.Debug|Any CPU.ActiveCfg = Debug|Any CPU
		{B0A8D8C1-081A-4B37-9329-DA100FC7C14D}.Debug|Any CPU.Build.0 = Debug|Any CPU
		{B0A8D8C1-081A-4B37-9329-DA100FC7C14D}.Release|Any CPU.ActiveCfg = Release|Any CPU
		{B0A8D8C1-081A-4B37-9329-DA100FC7C14D}.Release|Any CPU.Build.0 = Release|Any CPU
	EndGlobalSection
	GlobalSection(NestedProjects) = preSolution
		{D178D362-4809-4C12-AF7C-F128590136EF} = {6574DE9A-FB41-4638-947F-D6B5F7483BED}
		{52E8DE05-2412-47A9-A0D1-DF00C8297C58} = {D178D362-4809-4C12-AF7C-F128590136EF}
		{C155C3F1-29C6-4DA5-B959-1991857A4979} = {6574DE9A-FB41-4638-947F-D6B5F7483BED}
		{311203CA-95D1-40D0-9BC8-5BA83AB5D17A} = {C155C3F1-29C6-4DA5-B959-1991857A4979}
		{8F0BDC81-6BA3-4664-B506-2B3C2612F00E} = {6574DE9A-FB41-4638-947F-D6B5F7483BED}
		{7AE2229F-4516-49DD-832E-09F8245FC776} = {8F0BDC81-6BA3-4664-B506-2B3C2612F00E}
		{2E26A533-0EFB-464D-A667-FCFFD85EFDD2} = {6574DE9A-FB41-4638-947F-D6B5F7483BED}
		{F66E13C0-14D2-4BBC-83A3-D79B68513904} = {2E26A533-0EFB-464D-A667-FCFFD85EFDD2}
		{209E8EBA-28C5-4102-8FA1-11E0E02CE2E6} = {6574DE9A-FB41-4638-947F-D6B5F7483BED}
		{4D1F55A1-D098-47F3-8523-3731415448B3} = {209E8EBA-28C5-4102-8FA1-11E0E02CE2E6}
		{BB5CAAAC-3E7B-4427-85FA-1A80615EA383} = {35433AB6-ECB9-4FDD-9D5B-F89CE9FBB637}
		{A49CDBBF-0E88-4871-ACDE-B78F632668DF} = {BB5CAAAC-3E7B-4427-85FA-1A80615EA383}
		{5FAF8644-257C-4AD9-B3CA-FB36F34B15FD} = {35433AB6-ECB9-4FDD-9D5B-F89CE9FBB637}
		{37152A93-E24C-4F66-BA89-78A985A164A2} = {5FAF8644-257C-4AD9-B3CA-FB36F34B15FD}
		{D52BD1FC-3B70-486E-93B4-BBE518B4C45B} = {35433AB6-ECB9-4FDD-9D5B-F89CE9FBB637}
		{5603AA27-CB9E-448B-9E6C-DAC511FC6DEC} = {D52BD1FC-3B70-486E-93B4-BBE518B4C45B}
		{147CEFBC-EC6C-4858-B642-F489BB6015D5} = {35433AB6-ECB9-4FDD-9D5B-F89CE9FBB637}
		{B30C58C0-E4CE-4AD7-A53D-490511980E45} = {147CEFBC-EC6C-4858-B642-F489BB6015D5}
		{B7125873-43D8-4965-8AE4-7AE4D158638F} = {35433AB6-ECB9-4FDD-9D5B-F89CE9FBB637}
		{F0076884-0070-4C41-8E42-C51780E0BDFE} = {B7125873-43D8-4965-8AE4-7AE4D158638F}
		{ADD4B9BB-ACE9-4DF3-B433-61065C9868CD} = {542F58E2-2D5C-4353-BE56-3A89AEAEEF2A}
		{E2CB5A28-36AA-4F62-B22F-AA0A159956B5} = {ADD4B9BB-ACE9-4DF3-B433-61065C9868CD}
		{DBFC4603-D7AD-4235-8686-CE3458D932E7} = {542F58E2-2D5C-4353-BE56-3A89AEAEEF2A}
		{89DF3D69-4580-48E6-8EFB-36B7EC796255} = {DBFC4603-D7AD-4235-8686-CE3458D932E7}
		{4D6477D5-675B-4898-BF59-C4DC4F243C80} = {542F58E2-2D5C-4353-BE56-3A89AEAEEF2A}
		{9A4EEF53-9433-42E4-892E-443A28EEFC84} = {4D6477D5-675B-4898-BF59-C4DC4F243C80}
		{5F5C960A-BF79-4D25-BEFB-60B072DD8472} = {542F58E2-2D5C-4353-BE56-3A89AEAEEF2A}
		{AA2C0EF2-FB31-4B30-BB3D-8481AB482FDF} = {5F5C960A-BF79-4D25-BEFB-60B072DD8472}
		{8B112096-2216-4F57-8DB2-F74F71435191} = {542F58E2-2D5C-4353-BE56-3A89AEAEEF2A}
		{B0A8D8C1-081A-4B37-9329-DA100FC7C14D} = {8B112096-2216-4F57-8DB2-F74F71435191}
	EndGlobalSection
EndGlobal
